{
  "name": "InvAI",
  "lockfileVersion": 3,
  "requires": true,
  "packages": {
    "": {
      "dependencies": {
        "drizzle-orm": "^0.16.1",
        "drizzle-orm-sqlite": "^0.16.1"
      }
    },
    "node_modules/drizzle-orm": {
      "version": "0.16.1",
      "resolved": "https://registry.npmjs.org/drizzle-orm/-/drizzle-orm-0.16.1.tgz",
      "integrity": "sha512-t4AXnLj43LtNHEDOovtvvNLRnwc8bsiGW7IeWKW2STvyO34zyRIYeU2z5pXZE6WNoLthGVvjv95FnSbkcpFWVw==",
      "peerDependencies": {
        "drizzle-orm-mysql": ">=0.16 <0.17",
        "drizzle-orm-pg": ">=0.16 <0.17",
        "drizzle-orm-sqlite": ">=0.16 <0.17"
      },
      "peerDependenciesMeta": {
        "drizzle-orm-mysql": {
          "optional": true
        },
        "drizzle-orm-pg": {
          "optional": true
        },
        "drizzle-orm-sqlite": {
          "optional": true
        }
      }
    },
    "node_modules/drizzle-orm-sqlite": {
      "version": "0.16.1",
      "resolved": "https://registry.npmjs.org/drizzle-orm-sqlite/-/drizzle-orm-sqlite-0.16.1.tgz",
      "integrity": "sha512-3fjggI1rU8hIFObxp8RlIlEKz4zaij9p6LA+/uWfaHCKxXBIWtH5hUA5MIT1NMK3KPzXBpfkzRqtljxPzKOX3w==",
      "deprecated": "This package is merged into drizzle-orm starting from 0.17.0. See https://www.npmjs.com/package/drizzle-orm",
      "peerDependencies": {
        "@cloudflare/workers-types": ">=3",
        "@types/better-sqlite3": "*",
        "@types/sql.js": "*",
        "better-sqlite3": ">=7 <9",
        "drizzle-orm": ">=0.16 <0.17",
        "sql.js": ">=1 <2",
        "sqlite3": ">=5 <6"
      },
      "peerDependenciesMeta": {
        "@cloudflare/workers-types": {
          "optional": true
        },
        "@types/better-sqlite3": {
          "optional": true
        },
        "@types/sql.js": {
          "optional": true
        },
        "better-sqlite3": {
          "optional": true
        },
        "sql.js": {
          "optional": true
        },
        "sqlite3": {
          "optional": true
        }
      }
    }
  }
}
